{
  "name": "playground",
  "version": "1.0.0",
  "lockfileVersion": 3,
  "requires": true,
  "packages": {
    "": {
      "name": "playground",
      "version": "1.0.0",
      "license": "ISC",
      "dependencies": {
        "@amirafa/encryption-service": "file:.."
      }
    },
    "..": {
      "name": "@amirafa/encryption-service",
      "version": "1.0.2",
      "license": "MIT",
      "devDependencies": {
        "@types/node": "^22.0.0",
        "typescript": "^5.9.3",
        "vite": "^5.4.21",
        "vite-plugin-dts": "^4.5.4"
      }
    },
    "node_modules/@amirafa/encryption-service": {
      "resolved": "..",
      "link": true
    }
  }
}
